// !$*UTF8*$!
{
	archiveVersion = 1;
	classes = {
	};
	objectVersion = 46;
	objects = {

/* Begin PBXBuildFile section */
		0A6C335EEDBB1F539101A5AA /* libPods.a in Frameworks */ = {isa = PBXBuildFile; fileRef = CA4CBDF1626D14AEA1E519E9 /* libPods.a */; };
		43744E571B68E97B00099598 /* main.m in Sources */ = {isa = PBXBuildFile; fileRef = 43744E561B68E97B00099598 /* main.m */; };
		43744E5A1B68E97B00099598 /* AppDelegate.m in Sources */ = {isa = PBXBuildFile; fileRef = 43744E591B68E97B00099598 /* AppDelegate.m */; };
		43744E5D1B68E97B00099598 /* ViewController.m in Sources */ = {isa = PBXBuildFile; fileRef = 43744E5C1B68E97B00099598 /* ViewController.m */; };
		43744E601B68E97B00099598 /* Main.storyboard in Resources */ = {isa = PBXBuildFile; fileRef = 43744E5E1B68E97B00099598 /* Main.storyboard */; };
		43744E621B68E97B00099598 /* Images.xcassets in Resources */ = {isa = PBXBuildFile; fileRef = 43744E611B68E97B00099598 /* Images.xcassets */; };
		43744E651B68E97B00099598 /* LaunchScreen.xib in Resources */ = {isa = PBXBuildFile; fileRef = 43744E631B68E97B00099598 /* LaunchScreen.xib */; };
		43744E711B68E97B00099598 /* LoveCalculatorTests.m in Sources */ = {isa = PBXBuildFile; fileRef = 43744E701B68E97B00099598 /* LoveCalculatorTests.m */; };
		43DF7FD41B69E99A005D7DB5 /* love.jpg in Resources */ = {isa = PBXBuildFile; fileRef = 43DF7FD31B69E99A005D7DB5 /* love.jpg */; };
/* End PBXBuildFile section */

/* Begin PBXContainerItemProxy section */
		43744E6B1B68E97B00099598 /* PBXContainerItemProxy */ = {
			isa = PBXContainerItemProxy;
			containerPortal = 43744E491B68E97B00099598 /* Project object */;
			proxyType = 1;
			remoteGlobalIDString = 43744E501B68E97B00099598;
			remoteInfo = LoveCalculator;
		};
/* End PBXContainerItemProxy section */

/* Begin PBXFileReference section */
		43744E511B68E97B00099598 /* LoveCalculator.app */ = {isa = PBXFileReference; explicitFileType = wrapper.application; includeInIndex = 0; path = LoveCalculator.app; sourceTree = BUILT_PRODUCTS_DIR; };
		43744E551B68E97B00099598 /* Info.plist */ = {isa = PBXFileReference; lastKnownFileType = text.plist.xml; path = Info.plist; sourceTree = "<group>"; };
		43744E561B68E97B00099598 /* main.m */ = {isa = PBXFileReference; lastKnownFileType = sourcecode.c.objc; path = main.m; sourceTree = "<group>"; };
		43744E581B68E97B00099598 /* AppDelegate.h */ = {isa = PBXFileReference; lastKnownFileType = sourcecode.c.h; path = AppDelegate.h; sourceTree = "<group>"; };
		43744E591B68E97B00099598 /* AppDelegate.m */ = {isa = PBXFileReference; lastKnownFileType = sourcecode.c.objc; path = AppDelegate.m; sourceTree = "<group>"; };
		43744E5B1B68E97B00099598 /* ViewController.h */ = {isa = PBXFileReference; lastKnownFileType = sourcecode.c.h; path = ViewController.h; sourceTree = "<group>"; };
		43744E5C1B68E97B00099598 /* ViewController.m */ = {isa = PBXFileReference; lastKnownFileType = sourcecode.c.objc; path = ViewController.m; sourceTree = "<group>"; };
		43744E5F1B68E97B00099598 /* Base */ = {isa = PBXFileReference; lastKnownFileType = file.storyboard; name = Base; path = Base.lproj/Main.storyboard; sourceTree = "<group>"; };
		43744E611B68E97B00099598 /* Images.xcassets */ = {isa = PBXFileReference; lastKnownFileType = folder.assetcatalog; path = Images.xcassets; sourceTree = "<group>"; };
		43744E641B68E97B00099598 /* Base */ = {isa = PBXFileReference; lastKnownFileType = file.xib; name = Base; path = Base.lproj/LaunchScreen.xib; sourceTree = "<group>"; };
		43744E6A1B68E97B00099598 /* LoveCalculatorTests.xctest */ = {isa = PBXFileReference; explicitFileType = wrapper.cfbundle; includeInIndex = 0; path = LoveCalculatorTests.xctest; sourceTree = BUILT_PRODUCTS_DIR; };
		43744E6F1B68E97B00099598 /* Info.plist */ = {isa = PBXFileReference; lastKnownFileType = text.plist.xml; path = Info.plist; sourceTree = "<group>"; };
		43744E701B68E97B00099598 /* LoveCalculatorTests.m */ = {isa = PBXFileReference; lastKnownFileType = sourcecode.c.objc; path = LoveCalculatorTests.m; sourceTree = "<group>"; };
		43DF7FD31B69E99A005D7DB5 /* love.jpg */ = {isa = PBXFileReference; lastKnownFileType = image.jpeg; path = love.jpg; sourceTree = "<group>"; };
		868F2B748CFCA32816390675 /* Pods.debug.xcconfig */ = {isa = PBXFileReference; includeInIndex = 1; lastKnownFileType = text.xcconfig; name = Pods.debug.xcconfig; path = "Pods/Target Support Files/Pods/Pods.debug.xcconfig"; sourceTree = "<group>"; };
		C4401A986BAAF39097BA86D4 /* Pods.release.xcconfig */ = {isa = PBXFileReference; includeInIndex = 1; lastKnownFileType = text.xcconfig; name = Pods.release.xcconfig; path = "Pods/Target Support Files/Pods/Pods.release.xcconfig"; sourceTree = "<group>"; };
		CA4CBDF1626D14AEA1E519E9 /* libPods.a */ = {isa = PBXFileReference; explicitFileType = archive.ar; includeInIndex = 0; path = libPods.a; sourceTree = BUILT_PRODUCTS_DIR; };
/* End PBXFileReference section */

/* Begin PBXFrameworksBuildPhase section */
		43744E4E1B68E97B00099598 /* Frameworks */ = {
			isa = PBXFrameworksBuildPhase;
			buildActionMask = 2147483647;
			files = (
				0A6C335EEDBB1F539101A5AA /* libPods.a in Frameworks */,
			);
			runOnlyForDeploymentPostprocessing = 0;
		};
		43744E671B68E97B00099598 /* Frameworks */ = {
			isa = PBXFrameworksBuildPhase;
			buildActionMask = 2147483647;
			files = (
			);
			runOnlyForDeploymentPostprocessing = 0;
		};
/* End PBXFrameworksBuildPhase section */

/* Begin PBXGroup section */
		43744E481B68E97B00099598 = {
			isa = PBXGroup;
			children = (
				43744E531B68E97B00099598 /* LoveCalculator */,
				43744E6D1B68E97B00099598 /* LoveCalculatorTests */,
				43744E521B68E97B00099598 /* Products */,
				CB9EAC0602BCA81E61783E32 /* Pods */,
				E51882E23B4D2092CBDF46BD /* Frameworks */,
			);
			sourceTree = "<group>";
		};
		43744E521B68E97B00099598 /* Products */ = {
			isa = PBXGroup;
			children = (
				43744E511B68E97B00099598 /* LoveCalculator.app */,
				43744E6A1B68E97B00099598 /* LoveCalculatorTests.xctest */,
			);
			name = Products;
			sourceTree = "<group>";
		};
		43744E531B68E97B00099598 /* LoveCalculator */ = {
			isa = PBXGroup;
			children = (
				43744E581B68E97B00099598 /* AppDelegate.h */,
				43744E591B68E97B00099598 /* AppDelegate.m */,
				43744E5B1B68E97B00099598 /* ViewController.h */,
				43744E5C1B68E97B00099598 /* ViewController.m */,
				43744E5E1B68E97B00099598 /* Main.storyboard */,
				43DF7FD31B69E99A005D7DB5 /* love.jpg */,
				43744E611B68E97B00099598 /* Images.xcassets */,
				43744E631B68E97B00099598 /* LaunchScreen.xib */,
				43744E541B68E97B00099598 /* Supporting Files */,
			);
			path = LoveCalculator;
			sourceTree = "<group>";
		};
		43744E541B68E97B00099598 /* Supporting Files */ = {
			isa = PBXGroup;
			children = (
				43744E551B68E97B00099598 /* Info.plist */,
				43744E561B68E97B00099598 /* main.m */,
			);
			name = "Supporting Files";
			sourceTree = "<group>";
		};
		43744E6D1B68E97B00099598 /* LoveCalculatorTests */ = {
			isa = PBXGroup;
			children = (
				43744E701B68E97B00099598 /* LoveCalculatorTests.m */,
				43744E6E1B68E97B00099598 /* Supporting Files */,
			);
			path = LoveCalculatorTests;
			sourceTree = "<group>";
		};
		43744E6E1B68E97B00099598 /* Supporting Files */ = {
			isa = PBXGroup;
			children = (
				43744E6F1B68E97B00099598 /* Info.plist */,
			);
			name = "Supporting Files";
			sourceTree = "<group>";
		};
		CB9EAC0602BCA81E61783E32 /* Pods */ = {
			isa = PBXGroup;
			children = (
				868F2B748CFCA32816390675 /* Pods.debug.xcconfig */,
				C4401A986BAAF39097BA86D4 /* Pods.release.xcconfig */,
			);
			name = Pods;
			sourceTree = "<group>";
		};
		E51882E23B4D2092CBDF46BD /* Frameworks */ = {
			isa = PBXGroup;
			children = (
				CA4CBDF1626D14AEA1E519E9 /* libPods.a */,
			);
			name = Frameworks;
			sourceTree = "<group>";
		};
/* End PBXGroup section */

/* Begin PBXNativeTarget section */
		43744E501B68E97B00099598 /* LoveCalculator */ = {
			isa = PBXNativeTarget;
			buildConfigurationList = 43744E741B68E97B00099598 /* Build configuration list for PBXNativeTarget "LoveCalculator" */;
			buildPhases = (
				B5B3E4A5F79BD7A69D25DA67 /* Check Pods Manifest.lock */,
				43744E4D1B68E97B00099598 /* Sources */,
				43744E4E1B68E97B00099598 /* Frameworks */,
				43744E4F1B68E97B00099598 /* Resources */,
				0EECE09DDD3A411B16FA2758 /* Copy Pods Resources */,
			);
			buildRules = (
			);
			dependencies = (
			);
			name = LoveCalculator;
			productName = LoveCalculator;
			productReference = 43744E511B68E97B00099598 /* LoveCalculator.app */;
			productType = "com.apple.product-type.application";
		};
		43744E691B68E97B00099598 /* LoveCalculatorTests */ = {
			isa = PBXNativeTarget;
			buildConfigurationList = 43744E771B68E97B00099598 /* Build configuration list for PBXNativeTarget "LoveCalculatorTests" */;
			buildPhases = (
				43744E661B68E97B00099598 /* Sources */,
				43744E671B68E97B00099598 /* Frameworks */,
				43744E681B68E97B00099598 /* Resources */,
			);
			buildRules = (
			);
			dependencies = (
				43744E6C1B68E97B00099598 /* PBXTargetDependency */,
			);
			name = LoveCalculatorTests;
			productName = LoveCalculatorTests;
			productReference = 43744E6A1B68E97B00099598 /* LoveCalculatorTests.xctest */;
			productType = "com.apple.product-type.bundle.unit-test";
		};
/* End PBXNativeTarget section */

/* Begin PBXProject section */
		43744E491B68E97B00099598 /* Project object */ = {
			isa = PBXProject;
			attributes = {
				LastUpgradeCheck = 0630;
				ORGANIZATIONNAME = Rahul;
				TargetAttributes = {
					43744E501B68E97B00099598 = {
						CreatedOnToolsVersion = 6.3.2;
					};
					43744E691B68E97B00099598 = {
						CreatedOnToolsVersion = 6.3.2;
						TestTargetID = 43744E501B68E97B00099598;
					};
				};
			};
			buildConfigurationList = 43744E4C1B68E97B00099598 /* Build configuration list for PBXProject "LoveCalculator" */;
			compatibilityVersion = "Xcode 3.2";
			developmentRegion = English;
			hasScannedForEncodings = 0;
			knownRegions = (
				en,
				Base,
			);
			mainGroup = 43744E481B68E97B00099598;
			productRefGroup = 43744E521B68E97B00099598 /* Products */;
			projectDirPath = "";
			projectRoot = "";
			targets = (
				43744E501B68E97B00099598 /* LoveCalculator */,
				43744E691B68E97B00099598 /* LoveCalculatorTests */,
			);
		};
/* End PBXProject section */

/* Begin PBXResourcesBuildPhase section */
		43744E4F1B68E97B00099598 /* Resources */ = {
			isa = PBXResourcesBuildPhase;
			buildActionMask = 2147483647;
			files = (
				43744E601B68E97B00099598 /* Main.storyboard in Resources */,
				43DF7FD41B69E99A005D7DB5 /* love.jpg in Resources */,
				43744E651B68E97B00099598 /* LaunchScreen.xib in Resources */,
				43744E621B68E97B00099598 /* Images.xcassets in Resources */,
			);
			runOnlyForDeploymentPostprocessing = 0;
		};
		43744E681B68E97B00099598 /* Resources */ = {
			isa = PBXResourcesBuildPhase;
			buildActionMask = 2147483647;
			files = (
			);
			runOnlyForDeploymentPostprocessing = 0;
		};
/* End PBXResourcesBuildPhase section */

/* Begin PBXShellScriptBuildPhase section */
		0EECE09DDD3A411B16FA2758 /* Copy Pods Resources */ = {
			isa = PBXShellScriptBuildPhase;
			buildActionMask = 2147483647;
			files = (
			);
			inputPaths = (
			);
			name = "Copy Pods Resources";
			outputPaths = (
			);
			runOnlyForDeploymentPostprocessing = 0;
			shellPath = /bin/sh;
			shellScript = "\"${SRCROOT}/Pods/Target Support Files/Pods/Pods-resources.sh\"\n";
			showEnvVarsInLog = 0;
		};
		B5B3E4A5F79BD7A69D25DA67 /* Check Pods Manifest.lock */ = {
			isa = PBXShellScriptBuildPhase;
			buildActionMask = 2147483647;
			files = (
			);
			inputPaths = (
			);
			name = "Check Pods Manifest.lock";
			outputPaths = (
			);
			runOnlyForDeploymentPostprocessing = 0;
			shellPath = /bin/sh;
			shellScript = "diff \"${PODS_ROOT}/../Podfile.lock\" \"${PODS_ROOT}/Manifest.lock\" > /dev/null\nif [[ $? != 0 ]] ; then\n    cat << EOM\nerror: The sandbox is not in sync with the Podfile.lock. Run 'pod install' or update your CocoaPods installation.\nEOM\n    exit 1\nfi\n";
			showEnvVarsInLog = 0;
		};
/* End PBXShellScriptBuildPhase section */

/* Begin PBXSourcesBuildPhase section */
		43744E4D1B68E97B00099598 /* Sources */ = {
			isa = PBXSourcesBuildPhase;
			buildActionMask = 2147483647;
			files = (
				43744E5D1B68E97B00099598 /* ViewController.m in Sources */,
				43744E5A1B68E97B00099598 /* AppDelegate.m in Sources */,
				43744E571B68E97B00099598 /* main.m in Sources */,
			);
			runOnlyForDeploymentPostprocessing = 0;
		};
		43744E661B68E97B00099598 /* Sources */ = {
			isa = PBXSourcesBuildPhase;
			buildActionMask = 2147483647;
			files = (
				43744E711B68E97B00099598 /* LoveCalculatorTests.m in Sources */,
			);
			runOnlyForDeploymentPostprocessing = 0;
		};
/* End PBXSourcesBuildPhase section */

/* Begin PBXTargetDependency section */
		43744E6C1B68E97B00099598 /* PBXTargetDependency */ = {
			isa = PBXTargetDependency;
			target = 43744E501B68E97B00099598 /* LoveCalculator */;
			targetProxy = 43744E6B1B68E97B00099598 /* PBXContainerItemProxy */;
		};
/* End PBXTargetDependency section */

/* Begin PBXVariantGroup section */
		43744E5E1B68E97B00099598 /* Main.storyboard */ = {
			isa = PBXVariantGroup;
			children = (
				43744E5F1B68E97B00099598 /* Base */,
			);
			name = Main.storyboard;
			sourceTree = "<group>";
		};
		43744E631B68E97B00099598 /* LaunchScreen.xib */ = {
			isa = PBXVariantGroup;
			children = (
				43744E641B68E97B00099598 /* Base */,
			);
			name = LaunchScreen.xib;
			sourceTree = "<group>";
		};
/* End PBXVariantGroup section */

/* Begin XCBuildConfiguration section */
		43744E721B68E97B00099598 /* Debug */ = {
			isa = XCBuildConfiguration;
			buildSettings = {
				ALWAYS_SEARCH_USER_PATHS = NO;
				CLANG_CXX_LANGUAGE_STANDARD = "gnu++0x";
				CLANG_CXX_LIBRARY = "libc++";
				CLANG_ENABLE_MODULES = YES;
				CLANG_ENABLE_OBJC_ARC = YES;
				CLANG_WARN_BOOL_CONVERSION = YES;
				CLANG_WARN_CONSTANT_CONVERSION = YES;
				CLANG_WARN_DIRECT_OBJC_ISA_USAGE = YES_ERROR;
				CLANG_WARN_EMPTY_BODY = YES;
				CLANG_WARN_ENUM_CONVERSION = YES;
				CLANG_WARN_INT_CONVERSION = YES;
				CLANG_WARN_OBJC_ROOT_CLASS = YES_ERROR;
				CLANG_WARN_UNREACHABLE_CODE = YES;
				CLANG_WARN__DUPLICATE_METHOD_MATCH = YES;
				"CODE_SIGN_IDENTITY[sdk=iphoneos*]" = "iPhone Developer";
				COPY_PHASE_STRIP = NO;
				DEBUG_INFORMATION_FORMAT = "dwarf-with-dsym";
				ENABLE_STRICT_OBJC_MSGSEND = YES;
				GCC_C_LANGUAGE_STANDARD = gnu99;
				GCC_DYNAMIC_NO_PIC = NO;
				GCC_NO_COMMON_BLOCKS = YES;
				GCC_OPTIMIZATION_LEVEL = 0;
				GCC_PREPROCESSOR_DEFINITIONS = (
					"DEBUG=1",
					"$(inherited)",
				);
				GCC_SYMBOLS_PRIVATE_EXTERN = NO;
				GCC_WARN_64_TO_32_BIT_CONVERSION = YES;
				GCC_WARN_ABOUT_RETURN_TYPE = YES_ERROR;
				GCC_WARN_UNDECLARED_SELECTOR = YES;
				GCC_WARN_UNINITIALIZED_AUTOS = YES_AGGRESSIVE;
				GCC_WARN_UNUSED_FUNCTION = YES;
				GCC_WARN_UNUSED_VARIABLE = YES;
				IPHONEOS_DEPLOYMENT_TARGET = 8.3;
				MTL_ENABLE_DEBUG_INFO = YES;
				ONLY_ACTIVE_ARCH = YES;
				SDKROOT = iphoneos;
			};
			name = Debug;
		};
		43744E731B68E97B00099598 /* Release */ = {
			isa = XCBuildConfiguration;
			buildSettings = {
				ALWAYS_SEARCH_USER_PATHS = NO;
				CLANG_CXX_LANGUAGE_STANDARD = "gnu++0x";
				CLANG_CXX_LIBRARY = "libc++";
				CLANG_ENABLE_MODULES = YES;
				CLANG_ENABLE_OBJC_ARC = YES;
				CLANG_WARN_BOOL_CONVERSION = YES;
				CLANG_WARN_CONSTANT_CONVERSION = YES;
				CLANG_WARN_DIRECT_OBJC_ISA_USAGE = YES_ERROR;
				CLANG_WARN_EMPTY_BODY = YES;
				CLANG_WARN_ENUM_CONVERSION = YES;
				CLANG_WARN_INT_CONVERSION = YES;
				CLANG_WARN_OBJC_ROOT_CLASS = YES_ERROR;
				CLANG_WARN_UNREACHABLE_CODE = YES;
				CLANG_WARN__DUPLICATE_METHOD_MATCH = YES;
				"CODE_SIGN_IDENTITY[sdk=iphoneos*]" = "iPhone Developer";
				COPY_PHASE_STRIP = NO;
				DEBUG_INFORMATION_FORMAT = "dwarf-with-dsym";
				ENABLE_NS_ASSERTIONS = NO;
				ENABLE_STRICT_OBJC_MSGSEND = YES;
				GCC_C_LANGUAGE_STANDARD = gnu99;
				GCC_NO_COMMON_BLOCKS = YES;
				GCC_WARN_64_TO_32_BIT_CONVERSION = YES;
				GCC_WARN_ABOUT_RETURN_TYPE = YES_ERROR;
				GCC_WARN_UNDECLARED_SELECTOR = YES;
				GCC_WARN_UNINITIALIZED_AUTOS = YES_AGGRESSIVE;
				GCC_WARN_UNUSED_FUNCTION = YES;
				GCC_WARN_UNUSED_VARIABLE = YES;
				IPHONEOS_DEPLOYMENT_TARGET = 8.3;
				MTL_ENABLE_DEBUG_INFO = NO;
				SDKROOT = iphoneos;
				VALIDATE_PRODUCT = YES;
			};
			name = Release;
		};
		43744E751B68E97B00099598 /* Debug */ = {
			isa = XCBuildConfiguration;
			baseConfigurationReference = 868F2B748CFCA32816390675 /* Pods.debug.xcconfig */;
			buildSettings = {
				ASSETCATALOG_COMPILER_APPICON_NAME = AppIcon;
				INFOPLIST_FILE = LoveCalculator/Info.plist;
				LD_RUNPATH_SEARCH_PATHS = "$(inherited) @executable_path/Frameworks";
				PRODUCT_NAME = "$(TARGET_NAME)";
			};
			name = Debug;
		};
		43744E761B68E97B00099598 /* Release */ = {
			isa = XCBuildConfiguration;
			baseConfigurationReference = C4401A986BAAF39097BA86D4 /* Pods.release.xcconfig */;
			buildSettings = {
				ASSETCATALOG_COMPILER_APPICON_NAME = AppIcon;
				INFOPLIST_FILE = LoveCalculator/Info.plist;
				LD_RUNPATH_SEARCH_PATHS = "$(inherited) @executable_path/Frameworks";
				PRODUCT_NAME = "$(TARGET_NAME)";
			};
			name = Release;
		};
		43744E781B68E97B00099598 /* Debug */ = {
			isa = XCBuildConfiguration;
			buildSettings = {
				BUNDLE_LOADER = "$(TEST_HOST)";
				FRAMEWORK_SEARCH_PATHS = (
					"$(SDKROOT)/Developer/Library/Frameworks",
					"$(inherited)",
				);
				GCC_PREPROCESSOR_DEFINITIONS = (
					"DEBUG=1",
					"$(inherited)",
				);
				INFOPLIST_FILE = LoveCalculatorTests/Info.plist;
				LD_RUNPATH_SEARCH_PATHS = "$(inherited) @executable_path/Frameworks @loader_path/Frameworks";
				PRODUCT_NAME = "$(TARGET_NAME)";
				TEST_HOST = "$(BUILT_PRODUCTS_DIR)/LoveCalculator.app/LoveCalculator";
			};
			name = Debug;
		};
		43744E791B68E97B00099598 /* Release */ = {
			isa = XCBuildConfiguration;
			buildSettings = {
				BUNDLE_LOADER = "$(TEST_HOST)";
				FRAMEWORK_SEARCH_PATHS = (
					"$(SDKROOT)/Developer/Library/Frameworks",
					"$(inherited)",
				);
				INFOPLIST_FILE = LoveCalculatorTests/Info.plist;
				LD_RUNPATH_SEARCH_PATHS = "$(inherited) @executable_path/Frameworks @loader_path/Frameworks";
				PRODUCT_NAME = "$(TARGET_NAME)";
				TEST_HOST = "$(BUILT_PRODUCTS_DIR)/LoveCalculator.app/LoveCalculator";
			};
			name = Release;
		};
/* End XCBuildConfiguration section */

/* Begin XCConfigurationList section */
		43744E4C1B68E97B00099598 /* Build configuration list for PBXProject "LoveCalculator" */ = {
			isa = XCConfigurationList;
			buildConfigurations = (
				43744E721B68E97B00099598 /* Debug */,
				43744E731B68E97B00099598 /* Release */,
			);
			defaultConfigurationIsVisible = 0;
			defaultConfigurationName = Release;
		};
		43744E741B68E97B00099598 /* Build configuration list for PBXNativeTarget "LoveCalculator" */ = {
			isa = XCConfigurationList;
			buildConfigurations = (
				43744E751B68E97B00099598 /* Debug */,
				43744E761B68E97B00099598 /* Release */,
			);
			defaultConfigurationIsVisible = 0;
			defaultConfigurationName = Release;
		};
		43744E771B68E97B00099598 /* Build configuration list for PBXNativeTarget "LoveCalculatorTests" */ = {
			isa = XCConfigurationList;
			buildConfigurations = (
				43744E781B68E97B00099598 /* Debug */,
				43744E791B68E97B00099598 /* Release */,
			);
			defaultConfigurationIsVisible = 0;
			defaultConfigurationName = Release;
		};
/* End XCConfigurationList section */
	};
	rootObject = 43744E491B68E97B00099598 /* Project object */;
}
